
Microsoft Visual Studio Solution File, Format Version 12.00
# Visual Studio 2012
Project("{FAE04EC0-301F-11D3-BF4B-00C04F79EFBC}") = "HecateMillionaire", "HecateMillionaire\HecateMillionaire.csproj", "{55B3C607-67E3-4276-8D5B-948D43DB5DF2}"
EndProject
Global
	GlobalSection(SolutionConfigurationPlatforms) = preSolution
		Debug|Any CPU = Debug|Any CPU
		Release|Any CPU = Release|Any CPU
	EndGlobalSection
	GlobalSection(ProjectConfigurationPlatforms) = postSolution
		{55B3C607-67E3-4276-8D5B-948D43DB5DF2}.Debug|Any CPU.ActiveCfg = Debug|Any CPU
		{55B3C607-67E3-4276-8D5B-948D43DB5DF2}.Debug|Any CPU.Build.0 = Debug|Any CPU
		{55B3C607-67E3-4276-8D5B-948D43DB5DF2}.Release|Any CPU.ActiveCfg = Release|Any CPU
		{55B3C607-67E3-4276-8D5B-948D43DB5DF2}.Release|Any CPU.Build.0 = Release|Any CPU
	EndGlobalSection
	GlobalSection(SolutionProperties) = preSolution
		HideSolutionNode = FALSE
	EndGlobalSection
EndGlobal
